
Microsoft Visual Studio Solution File, Format Version 12.00
# Visual Studio Version 16
VisualStudioVersion = 16.0.31205.134
MinimumVisualStudioVersion = 10.0.40219.1
Project("{9A19103F-16F7-4668-BE54-9A1E7A4F7556}") = "Host", "..\src\Host\Host.csproj", "{49168672-8F82-4161-9233-EF677BB988D1}"
EndProject
Project("{2150E333-8FDC-42A3-9474-1A3956D46DE8}") = "GenericHost", "GenericHost", "{635952B8-0820-4387-A86C-B035E2ACAB0E}"
EndProject
Project("{2150E333-8FDC-42A3-9474-1A3956D46DE8}") = "Stock", "Stock", "{857078C6-61A6-4388-A7A2-B9C40A767F0C}"
EndProject
Project("{2150E333-8FDC-42A3-9474-1A3956D46DE8}") = "Contract", "Contract", "{AB89B055-98F8-42DE-9C4C-41E4C2EDC1A9}"
EndProject
Project("{2150E333-8FDC-42A3-9474-1A3956D46DE8}") = "Infrastructure", "Infrastructure", "{3827A85C-4267-4AA9-9B6A-1739CEAE8740}"
EndProject
Project("{2150E333-8FDC-42A3-9474-1A3956D46DE8}") = "Service", "Service", "{9EFDF4D5-F5E0-469A-94DC-73A1E06C0694}"
EndProject
Project("{9A19103F-16F7-4668-BE54-9A1E7A4F7556}") = "StockContract", "..\src\Stock\Contract\StockContract\StockContract.csproj", "{BCB659D8-55D0-4152-986C-9BE838E75645}"
EndProject
Project("{9A19103F-16F7-4668-BE54-9A1E7A4F7556}") = "StockLocator", "..\src\Stock\Infrastucture\StockLocator\StockLocator.csproj", "{9DE0FC80-5DD1-4165-AD15-6C2A5B4B39A8}"
EndProject
Project("{9A19103F-16F7-4668-BE54-9A1E7A4F7556}") = "StockService", "..\src\Stock\Service\StockService\StockService.csproj", "{E3D4367C-4EFD-4EF9-80C3-5A68D091676D}"
EndProject
Project("{2150E333-8FDC-42A3-9474-1A3956D46DE8}") = "Gateway", "Gateway", "{5A3F1E08-20C7-4937-B569-14C6D95CAF20}"
EndProject
Project("{2150E333-8FDC-42A3-9474-1A3956D46DE8}") = "Contract", "Contract", "{E4AA58E8-98EE-4E2C-AB0C-93B03CF5F58B}"
EndProject
Project("{2150E333-8FDC-42A3-9474-1A3956D46DE8}") = "Infrastructure", "Infrastructure", "{C84020B6-CB7B-418A-9ED3-108DB273967D}"
EndProject
Project("{2150E333-8FDC-42A3-9474-1A3956D46DE8}") = "Service", "Service", "{D293B8E8-6BA4-4446-8521-BDF1632735EF}"
EndProject
Project("{9A19103F-16F7-4668-BE54-9A1E7A4F7556}") = "GatewayLocator", "..\src\Gateway\Infrastructure\GatewayLocator.csproj\GatewayLocator.csproj", "{A20D4F24-B66E-436A-B53F-B9E5775132BE}"
EndProject
Project("{9A19103F-16F7-4668-BE54-9A1E7A4F7556}") = "GatewayService", "..\src\Gateway\Service\GatewayService.csproj\GatewayService.csproj", "{2A814DC2-CD9F-4CFE-8AEF-00E5E6E0E660}"
EndProject
Project("{2150E333-8FDC-42A3-9474-1A3956D46DE8}") = "Model", "Model", "{29A5BEC1-B936-4789-A1AA-D2720574FCD9}"
EndProject
Project("{2150E333-8FDC-42A3-9474-1A3956D46DE8}") = "VO", "VO", "{523B4D13-F0C9-480B-8CE9-852A942F0B62}"
EndProject
Project("{2150E333-8FDC-42A3-9474-1A3956D46DE8}") = "DT", "DT", "{B620BDBF-1EB6-4793-96BC-EAE8F2CB0414}"
EndProject
Project("{9A19103F-16F7-4668-BE54-9A1E7A4F7556}") = "DT", "..\src\Model\DT\DT.csproj\DT.csproj", "{66D274D1-D61A-4042-8F7F-073B011FB9A7}"
EndProject
Project("{9A19103F-16F7-4668-BE54-9A1E7A4F7556}") = "VO", "..\src\Model\VO\VO.csproj\VO.csproj", "{3A1902BB-BC04-4985-AF95-C086AA6F96F0}"
EndProject
Project("{9A19103F-16F7-4668-BE54-9A1E7A4F7556}") = "GatewayContract", "..\src\Gateway\Contract\GatewayContract\GatewayContract.csproj", "{A4E5C539-6FD3-48EC-86BA-9FC4E7F64E50}"
EndProject
Global
	GlobalSection(SolutionConfigurationPlatforms) = preSolution
		Debug|Any CPU = Debug|Any CPU
		Release|Any CPU = Release|Any CPU
	EndGlobalSection
	GlobalSection(ProjectConfigurationPlatforms) = postSolution
		{49168672-8F82-4161-9233-EF677BB988D1}.Debug|Any CPU.ActiveCfg = Debug|Any CPU
		{49168672-8F82-4161-9233-EF677BB988D1}.Debug|Any CPU.Build.0 = Debug|Any CPU
		{49168672-8F82-4161-9233-EF677BB988D1}.Release|Any CPU.ActiveCfg = Release|Any CPU
		{49168672-8F82-4161-9233-EF677BB988D1}.Release|Any CPU.Build.0 = Release|Any CPU
		{BCB659D8-55D0-4152-986C-9BE838E75645}.Debug|Any CPU.ActiveCfg = Debug|Any CPU
		{BCB659D8-55D0-4152-986C-9BE838E75645}.Debug|Any CPU.Build.0 = Debug|Any CPU
		{BCB659D8-55D0-4152-986C-9BE838E75645}.Release|Any CPU.ActiveCfg = Release|Any CPU
		{BCB659D8-55D0-4152-986C-9BE838E75645}.Release|Any CPU.Build.0 = Release|Any CPU
		{9DE0FC80-5DD1-4165-AD15-6C2A5B4B39A8}.Debug|Any CPU.ActiveCfg = Debug|Any CPU
		{9DE0FC80-5DD1-4165-AD15-6C2A5B4B39A8}.Debug|Any CPU.Build.0 = Debug|Any CPU
		{9DE0FC80-5DD1-4165-AD15-6C2A5B4B39A8}.Release|Any CPU.ActiveCfg = Release|Any CPU
		{9DE0FC80-5DD1-4165-AD15-6C2A5B4B39A8}.Release|Any CPU.Build.0 = Release|Any CPU
		{E3D4367C-4EFD-4EF9-80C3-5A68D091676D}.Debug|Any CPU.ActiveCfg = Debug|Any CPU
		{E3D4367C-4EFD-4EF9-80C3-5A68D091676D}.Debug|Any CPU.Build.0 = Debug|Any CPU
		{E3D4367C-4EFD-4EF9-80C3-5A68D091676D}.Release|Any CPU.ActiveCfg = Release|Any CPU
		{E3D4367C-4EFD-4EF9-80C3-5A68D091676D}.Release|Any CPU.Build.0 = Release|Any CPU
		{A20D4F24-B66E-436A-B53F-B9E5775132BE}.Debug|Any CPU.ActiveCfg = Debug|Any CPU
		{A20D4F24-B66E-436A-B53F-B9E5775132BE}.Debug|Any CPU.Build.0 = Debug|Any CPU
		{A20D4F24-B66E-436A-B53F-B9E5775132BE}.Release|Any CPU.ActiveCfg = Release|Any CPU
		{A20D4F24-B66E-436A-B53F-B9E5775132BE}.Release|Any CPU.Build.0 = Release|Any CPU
		{2A814DC2-CD9F-4CFE-8AEF-00E5E6E0E660}.Debug|Any CPU.ActiveCfg = Debug|Any CPU
		{2A814DC2-CD9F-4CFE-8AEF-00E5E6E0E660}.Debug|Any CPU.Build.0 = Debug|Any CPU
		{2A814DC2-CD9F-4CFE-8AEF-00E5E6E0E660}.Release|Any CPU.ActiveCfg = Release|Any CPU
		{2A814DC2-CD9F-4CFE-8AEF-00E5E6E0E660}.Release|Any CPU.Build.0 = Release|Any CPU
		{66D274D1-D61A-4042-8F7F-073B011FB9A7}.Debug|Any CPU.ActiveCfg = Debug|Any CPU
		{66D274D1-D61A-4042-8F7F-073B011FB9A7}.Debug|Any CPU.Build.0 = Debug|Any CPU
		{66D274D1-D61A-4042-8F7F-073B011FB9A7}.Release|Any CPU.ActiveCfg = Release|Any CPU
		{66D274D1-D61A-4042-8F7F-073B011FB9A7}.Release|Any CPU.Build.0 = Release|Any CPU
		{3A1902BB-BC04-4985-AF95-C086AA6F96F0}.Debug|Any CPU.ActiveCfg = Debug|Any CPU
		{3A1902BB-BC04-4985-AF95-C086AA6F96F0}.Debug|Any CPU.Build.0 = Debug|Any CPU
		{3A1902BB-BC04-4985-AF95-C086AA6F96F0}.Release|Any CPU.ActiveCfg = Release|Any CPU
		{3A1902BB-BC04-4985-AF95-C086AA6F96F0}.Release|Any CPU.Build.0 = Release|Any CPU
		{A4E5C539-6FD3-48EC-86BA-9FC4E7F64E50}.Debug|Any CPU.ActiveCfg = Debug|Any CPU
		{A4E5C539-6FD3-48EC-86BA-9FC4E7F64E50}.Debug|Any CPU.Build.0 = Debug|Any CPU
		{A4E5C539-6FD3-48EC-86BA-9FC4E7F64E50}.Release|Any CPU.ActiveCfg = Release|Any CPU
		{A4E5C539-6FD3-48EC-86BA-9FC4E7F64E50}.Release|Any CPU.Build.0 = Release|Any CPU
	EndGlobalSection
	GlobalSection(SolutionProperties) = preSolution
		HideSolutionNode = FALSE
	EndGlobalSection
	GlobalSection(NestedProjects) = preSolution
		{49168672-8F82-4161-9233-EF677BB988D1} = {635952B8-0820-4387-A86C-B035E2ACAB0E}
		{AB89B055-98F8-42DE-9C4C-41E4C2EDC1A9} = {857078C6-61A6-4388-A7A2-B9C40A767F0C}
		{3827A85C-4267-4AA9-9B6A-1739CEAE8740} = {857078C6-61A6-4388-A7A2-B9C40A767F0C}
		{9EFDF4D5-F5E0-469A-94DC-73A1E06C0694} = {857078C6-61A6-4388-A7A2-B9C40A767F0C}
		{BCB659D8-55D0-4152-986C-9BE838E75645} = {AB89B055-98F8-42DE-9C4C-41E4C2EDC1A9}
		{9DE0FC80-5DD1-4165-AD15-6C2A5B4B39A8} = {3827A85C-4267-4AA9-9B6A-1739CEAE8740}
		{E3D4367C-4EFD-4EF9-80C3-5A68D091676D} = {9EFDF4D5-F5E0-469A-94DC-73A1E06C0694}
		{E4AA58E8-98EE-4E2C-AB0C-93B03CF5F58B} = {5A3F1E08-20C7-4937-B569-14C6D95CAF20}
		{C84020B6-CB7B-418A-9ED3-108DB273967D} = {5A3F1E08-20C7-4937-B569-14C6D95CAF20}
		{D293B8E8-6BA4-4446-8521-BDF1632735EF} = {5A3F1E08-20C7-4937-B569-14C6D95CAF20}
		{A20D4F24-B66E-436A-B53F-B9E5775132BE} = {C84020B6-CB7B-418A-9ED3-108DB273967D}
		{2A814DC2-CD9F-4CFE-8AEF-00E5E6E0E660} = {D293B8E8-6BA4-4446-8521-BDF1632735EF}
		{523B4D13-F0C9-480B-8CE9-852A942F0B62} = {29A5BEC1-B936-4789-A1AA-D2720574FCD9}
		{B620BDBF-1EB6-4793-96BC-EAE8F2CB0414} = {29A5BEC1-B936-4789-A1AA-D2720574FCD9}
		{66D274D1-D61A-4042-8F7F-073B011FB9A7} = {B620BDBF-1EB6-4793-96BC-EAE8F2CB0414}
		{3A1902BB-BC04-4985-AF95-C086AA6F96F0} = {523B4D13-F0C9-480B-8CE9-852A942F0B62}
		{A4E5C539-6FD3-48EC-86BA-9FC4E7F64E50} = {E4AA58E8-98EE-4E2C-AB0C-93B03CF5F58B}
	EndGlobalSection
	GlobalSection(ExtensibilityGlobals) = postSolution
		SolutionGuid = {16E367A9-6B9A-4D9E-B19E-E498A1957E82}
	EndGlobalSection
EndGlobal
